{
  "version": 4,
  "terraform_version": "1.2.1",
  "serial": 3,
  "lineage": "e65fed4b-188b-7d2d-e5e7-81d3d9d7a6c0",
  "outputs": {},
  "resources": [
    {
      "mode": "data",
      "type": "azapi_resource",
      "name": "aca-environment",
      "provider": "provider[\"registry.terraform.io/azure/azapi\"]",
      "instances": [
        {
          "schema_version": 0,
          "attributes": {
            "id": "/subscriptions/ec045313-a080-4ec4-8aeb-48d1c8e68a4c/resourceGroups/test-rg-dev/providers/Microsoft.App/managedEnvironments/test-env-dev",
            "identity": [],
            "location": "eastus",
            "name": "test-env-dev",
            "output": "{}",
            "parent_id": "/subscriptions/ec045313-a080-4ec4-8aeb-48d1c8e68a4c/resourceGroups/test-rg-dev",
            "resource_id": null,
            "response_export_values": null,
            "tags": {
              "Environment": "dev"
            },
            "timeouts": null,
            "type": "Microsoft.App/managedEnvironments@2022-03-01"
          },
          "sensitive_attributes": []
        }
      ]
    },
    {
      "mode": "data",
      "type": "azuread_client_config",
      "name": "current",
      "provider": "provider[\"registry.terraform.io/hashicorp/azuread\"]",
      "instances": [
        {
          "schema_version": 0,
          "attributes": {
            "client_id": "04b07795-8ddb-461a-bbee-02f9e1bf7b46",
            "id": "4a4abd61-339f-4777-8361-8d641b50ab43-04b07795-8ddb-461a-bbee-02f9e1bf7b46-e4b21bba-642b-4a41-866d-9a6c577cd452",
            "object_id": "e4b21bba-642b-4a41-866d-9a6c577cd452",
            "tenant_id": "4a4abd61-339f-4777-8361-8d641b50ab43",
            "timeouts": null
          },
          "sensitive_attributes": []
        }
      ]
    },
    {
      "mode": "data",
      "type": "azurerm_client_config",
      "name": "current",
      "provider": "provider[\"registry.terraform.io/hashicorp/azurerm\"]",
      "instances": [
        {
          "schema_version": 0,
          "attributes": {
            "client_id": "04b07795-8ddb-461a-bbee-02f9e1bf7b46",
            "id": "2023-01-06 15:57:54.8634189 +0000 UTC",
            "object_id": "",
            "subscription_id": "ec045313-a080-4ec4-8aeb-48d1c8e68a4c",
            "tenant_id": "4a4abd61-339f-4777-8361-8d641b50ab43",
            "timeouts": null
          },
          "sensitive_attributes": []
        }
      ]
    },
    {
      "mode": "data",
      "type": "azurerm_resource_group",
      "name": "resource_group",
      "provider": "provider[\"registry.terraform.io/hashicorp/azurerm\"]",
      "instances": [
        {
          "schema_version": 0,
          "attributes": {
            "id": "/subscriptions/ec045313-a080-4ec4-8aeb-48d1c8e68a4c/resourceGroups/test-rg-dev",
            "location": "eastus",
            "name": "test-rg-dev",
            "tags": {},
            "timeouts": null
          },
          "sensitive_attributes": []
        }
      ]
    },
    {
      "mode": "managed",
      "type": "azapi_resource",
      "name": "aca",
      "provider": "provider[\"registry.terraform.io/azure/azapi\"]",
      "instances": [
        {
          "index_key": "devilgopher",
          "schema_version": 0,
          "attributes": {
            "body": "{\"properties\":{\"configuration\":{\"ingress\":{\"external\":true,\"targetPort\":80}},\"managedEnvironmentId\":\"/subscriptions/ec045313-a080-4ec4-8aeb-48d1c8e68a4c/resourceGroups/test-rg-dev/providers/Microsoft.App/managedEnvironments/test-env-dev\",\"template\":{\"containers\":[{\"image\":\"thorstenhans/gopher:devil\",\"name\":\"devilgopher\",\"resources\":{\"cpu\":0.5,\"memory\":\"1Gi\"}}],\"scale\":{\"maxReplicas\":2,\"minReplicas\":1}}}}",
            "id": "/subscriptions/ec045313-a080-4ec4-8aeb-48d1c8e68a4c/resourceGroups/test-rg-dev/providers/Microsoft.App/containerApps/devilgopher",
            "identity": [
              {
                "identity_ids": [],
                "principal_id": "",
                "tenant_id": "",
                "type": "None"
              }
            ],
            "ignore_casing": false,
            "ignore_missing_property": true,
            "location": "East US",
            "locks": null,
            "name": "devilgopher",
            "output": "{}",
            "parent_id": "/subscriptions/ec045313-a080-4ec4-8aeb-48d1c8e68a4c/resourceGroups/test-rg-dev",
            "response_export_values": null,
            "schema_validation_enabled": true,
            "tags": {
              "Environment": "dev"
            },
            "timeouts": null,
            "type": "Microsoft.App/containerApps@2022-03-01"
          },
          "sensitive_attributes": [],
          "private": "eyJlMmJmYjczMC1lY2FhLTExZTYtOGY4OC0zNDM2M2JjN2M0YzAiOnsiY3JlYXRlIjoxODAwMDAwMDAwMDAwLCJkZWxldGUiOjE4MDAwMDAwMDAwMDAsInJlYWQiOjMwMDAwMDAwMDAwMCwidXBkYXRlIjoxODAwMDAwMDAwMDAwfX0=",
          "dependencies": [
            "data.azapi_resource.aca-environment",
            "data.azurerm_resource_group.resource_group"
          ]
        },
        {
          "index_key": "simple-hello-world-container",
          "schema_version": 0,
          "attributes": {
            "body": "{\"properties\":{\"configuration\":{\"ingress\":{\"external\":true,\"targetPort\":80}},\"managedEnvironmentId\":\"/subscriptions/ec045313-a080-4ec4-8aeb-48d1c8e68a4c/resourceGroups/test-rg-dev/providers/Microsoft.App/managedEnvironments/test-env-dev\",\"template\":{\"containers\":[{\"image\":\"mcr.microsoft.com/azuredocs/containerapps-helloworld:latest\",\"name\":\"simple-hello-world-container\",\"resources\":{\"cpu\":0.5,\"memory\":\"1Gi\"}}],\"scale\":{\"maxReplicas\":2,\"minReplicas\":1}}}}",
            "id": "/subscriptions/ec045313-a080-4ec4-8aeb-48d1c8e68a4c/resourceGroups/test-rg-dev/providers/Microsoft.App/containerApps/simple-hello-world-container",
            "identity": [
              {
                "identity_ids": [],
                "principal_id": "",
                "tenant_id": "",
                "type": "None"
              }
            ],
            "ignore_casing": false,
            "ignore_missing_property": true,
            "location": "East US",
            "locks": null,
            "name": "simple-hello-world-container",
            "output": "{}",
            "parent_id": "/subscriptions/ec045313-a080-4ec4-8aeb-48d1c8e68a4c/resourceGroups/test-rg-dev",
            "response_export_values": null,
            "schema_validation_enabled": true,
            "tags": {
              "Environment": "dev"
            },
            "timeouts": null,
            "type": "Microsoft.App/containerApps@2022-03-01"
          },
          "sensitive_attributes": [],
          "private": "eyJlMmJmYjczMC1lY2FhLTExZTYtOGY4OC0zNDM2M2JjN2M0YzAiOnsiY3JlYXRlIjoxODAwMDAwMDAwMDAwLCJkZWxldGUiOjE4MDAwMDAwMDAwMDAsInJlYWQiOjMwMDAwMDAwMDAwMCwidXBkYXRlIjoxODAwMDAwMDAwMDAwfX0=",
          "dependencies": [
            "data.azapi_resource.aca-environment",
            "data.azurerm_resource_group.resource_group"
          ]
        }
      ]
    }
  ]
}
